
Microsoft Visual Studio Solution File, Format Version 12.00
# Visual Studio Version 17
VisualStudioVersion = 17.10.35122.118
MinimumVisualStudioVersion = 10.0.40219.1
Project("{FAE04EC0-301F-11D3-BF4B-00C04F79EFBC}") = "PE1", "PE1.csproj", "{E8A32E48-758C-4FD3-8612-7CADFBFE31D6}"
EndProject
Global
	GlobalSection(SolutionConfigurationPlatforms) = preSolution
		Debug|Any CPU = Debug|Any CPU
		Release|Any CPU = Release|Any CPU
	EndGlobalSection
	GlobalSection(ProjectConfigurationPlatforms) = postSolution
		{E8A32E48-758C-4FD3-8612-7CADFBFE31D6}.Debug|Any CPU.ActiveCfg = Debug|Any CPU
		{E8A32E48-758C-4FD3-8612-7CADFBFE31D6}.Debug|Any CPU.Build.0 = Debug|Any CPU
		{E8A32E48-758C-4FD3-8612-7CADFBFE31D6}.Release|Any CPU.ActiveCfg = Release|Any CPU
		{E8A32E48-758C-4FD3-8612-7CADFBFE31D6}.Release|Any CPU.Build.0 = Release|Any CPU
	EndGlobalSection
	GlobalSection(SolutionProperties) = preSolution
		HideSolutionNode = FALSE
	EndGlobalSection
	GlobalSection(ExtensibilityGlobals) = postSolution
		SolutionGuid = {C372F4AD-A093-4DE3-A7EF-A5E6196D2033}
	EndGlobalSection
EndGlobal
