
Microsoft Visual Studio Solution File, Format Version 12.00
# Visual Studio Version 17
VisualStudioVersion = 17.6.33815.320
MinimumVisualStudioVersion = 10.0.40219.1
Project("{FAE04EC0-301F-11D3-BF4B-00C04F79EFBC}") = "MG_CrossPlatform_Sample", "MG_CrossPlatform_Sample.csproj", "{419AD4E6-8428-445A-8AA9-65807260C9BF}"
EndProject
Global
	GlobalSection(SolutionConfigurationPlatforms) = preSolution
		Debug|Any CPU = Debug|Any CPU
		Release|Any CPU = Release|Any CPU
	EndGlobalSection
	GlobalSection(ProjectConfigurationPlatforms) = postSolution
		{419AD4E6-8428-445A-8AA9-65807260C9BF}.Debug|Any CPU.ActiveCfg = Debug|Any CPU
		{419AD4E6-8428-445A-8AA9-65807260C9BF}.Debug|Any CPU.Build.0 = Debug|Any CPU
		{419AD4E6-8428-445A-8AA9-65807260C9BF}.Release|Any CPU.ActiveCfg = Release|Any CPU
		{419AD4E6-8428-445A-8AA9-65807260C9BF}.Release|Any CPU.Build.0 = Release|Any CPU
	EndGlobalSection
	GlobalSection(SolutionProperties) = preSolution
		HideSolutionNode = FALSE
	EndGlobalSection
	GlobalSection(ExtensibilityGlobals) = postSolution
		SolutionGuid = {DE8FCD10-313D-448B-A322-F9B51C0C50B8}
	EndGlobalSection
EndGlobal
