
Microsoft Visual Studio Solution File, Format Version 12.00
# Visual Studio Version 17
VisualStudioVersion = 17.10.35122.118
MinimumVisualStudioVersion = 10.0.40219.1
Project("{FAE04EC0-301F-11D3-BF4B-00C04F79EFBC}") = "ScrollingExample", "ScrollingExample.csproj", "{435E878F-3123-4C50-8CE7-67D7F2BB0197}"
EndProject
Global
	GlobalSection(SolutionConfigurationPlatforms) = preSolution
		Debug|Any CPU = Debug|Any CPU
		Release|Any CPU = Release|Any CPU
	EndGlobalSection
	GlobalSection(ProjectConfigurationPlatforms) = postSolution
		{435E878F-3123-4C50-8CE7-67D7F2BB0197}.Debug|Any CPU.ActiveCfg = Debug|Any CPU
		{435E878F-3123-4C50-8CE7-67D7F2BB0197}.Debug|Any CPU.Build.0 = Debug|Any CPU
		{435E878F-3123-4C50-8CE7-67D7F2BB0197}.Release|Any CPU.ActiveCfg = Release|Any CPU
		{435E878F-3123-4C50-8CE7-67D7F2BB0197}.Release|Any CPU.Build.0 = Release|Any CPU
	EndGlobalSection
	GlobalSection(SolutionProperties) = preSolution
		HideSolutionNode = FALSE
	EndGlobalSection
	GlobalSection(ExtensibilityGlobals) = postSolution
		SolutionGuid = {6140DF99-669D-4036-88C3-7B226F01A5D8}
	EndGlobalSection
EndGlobal
